
Microsoft Visual Studio Solution File, Format Version 12.00
# Visual Studio Version 16
VisualStudioVersion = 16.0.32929.386
MinimumVisualStudioVersion = 10.0.40219.1
Project("{2150E333-8FDC-42A3-9474-1A3956D46DE8}") = "Services", "Services", "{075AE8A5-51F9-4026-B2C9-0FCCF0628D6C}"
EndProject
Project("{2150E333-8FDC-42A3-9474-1A3956D46DE8}") = "Catalog", "Catalog", "{E7E2BEEA-0F0F-4FDC-9F00-63BDFC782571}"
EndProject
Project("{9A19103F-16F7-4668-BE54-9A1E7A4F7556}") = "UpSchoolECommerce.Services.Catalog", "Services\Catalog\UpSchoolECommerce.Services.Catalog\UpSchoolECommerce.Services.Catalog.csproj", "{B613D85A-86A6-4C80-9033-1287243096CA}"
EndProject
Project("{2150E333-8FDC-42A3-9474-1A3956D46DE8}") = "Solution Items", "Solution Items", "{E3EAFE86-0DE2-4FF0-9E8F-C7CCB01B54F3}"
	ProjectSection(SolutionItems) = preProject
		Port.txt = Port.txt
		ToDoList.txt = ToDoList.txt
	EndProjectSection
EndProject
Project("{2150E333-8FDC-42A3-9474-1A3956D46DE8}") = "Shared", "Shared", "{1FAAC6AB-0546-4F31-93EF-C26847C3DA6C}"
EndProject
Project("{9A19103F-16F7-4668-BE54-9A1E7A4F7556}") = "UpSchoolECommerce.Shared", "Shared\UpSchoolECommerce.Shared\UpSchoolECommerce.Shared.csproj", "{CB9EF280-9574-4B97-B690-AA8CFABC53F8}"
EndProject
Project("{2150E333-8FDC-42A3-9474-1A3956D46DE8}") = "IdentityServer", "IdentityServer", "{7BEBF512-4978-42A3-BB9B-D75547FE249C}"
EndProject
Project("{9A19103F-16F7-4668-BE54-9A1E7A4F7556}") = "UpSchoolECommerce.IdentityServer", "IdentityServer\UpSchoolECommerce.IdentityServer\UpSchoolECommerce.IdentityServer.csproj", "{60AFFCC9-8122-46C3-B8A1-E5B460A32739}"
EndProject
Global
	GlobalSection(SolutionConfigurationPlatforms) = preSolution
		Debug|Any CPU = Debug|Any CPU
		Release|Any CPU = Release|Any CPU
	EndGlobalSection
	GlobalSection(ProjectConfigurationPlatforms) = postSolution
		{B613D85A-86A6-4C80-9033-1287243096CA}.Debug|Any CPU.ActiveCfg = Debug|Any CPU
		{B613D85A-86A6-4C80-9033-1287243096CA}.Debug|Any CPU.Build.0 = Debug|Any CPU
		{B613D85A-86A6-4C80-9033-1287243096CA}.Release|Any CPU.ActiveCfg = Release|Any CPU
		{B613D85A-86A6-4C80-9033-1287243096CA}.Release|Any CPU.Build.0 = Release|Any CPU
		{CB9EF280-9574-4B97-B690-AA8CFABC53F8}.Debug|Any CPU.ActiveCfg = Debug|Any CPU
		{CB9EF280-9574-4B97-B690-AA8CFABC53F8}.Debug|Any CPU.Build.0 = Debug|Any CPU
		{CB9EF280-9574-4B97-B690-AA8CFABC53F8}.Release|Any CPU.ActiveCfg = Release|Any CPU
		{CB9EF280-9574-4B97-B690-AA8CFABC53F8}.Release|Any CPU.Build.0 = Release|Any CPU
		{60AFFCC9-8122-46C3-B8A1-E5B460A32739}.Debug|Any CPU.ActiveCfg = Debug|Any CPU
		{60AFFCC9-8122-46C3-B8A1-E5B460A32739}.Debug|Any CPU.Build.0 = Debug|Any CPU
		{60AFFCC9-8122-46C3-B8A1-E5B460A32739}.Release|Any CPU.ActiveCfg = Release|Any CPU
		{60AFFCC9-8122-46C3-B8A1-E5B460A32739}.Release|Any CPU.Build.0 = Release|Any CPU
	EndGlobalSection
	GlobalSection(SolutionProperties) = preSolution
		HideSolutionNode = FALSE
	EndGlobalSection
	GlobalSection(NestedProjects) = preSolution
		{E7E2BEEA-0F0F-4FDC-9F00-63BDFC782571} = {075AE8A5-51F9-4026-B2C9-0FCCF0628D6C}
		{B613D85A-86A6-4C80-9033-1287243096CA} = {E7E2BEEA-0F0F-4FDC-9F00-63BDFC782571}
		{CB9EF280-9574-4B97-B690-AA8CFABC53F8} = {1FAAC6AB-0546-4F31-93EF-C26847C3DA6C}
		{60AFFCC9-8122-46C3-B8A1-E5B460A32739} = {7BEBF512-4978-42A3-BB9B-D75547FE249C}
	EndGlobalSection
	GlobalSection(ExtensibilityGlobals) = postSolution
		SolutionGuid = {B14DD700-3553-47D2-89EC-15C61235052E}
	EndGlobalSection
EndGlobal
